<?xml version="1.0" encoding="utf-8"?>
<Project ToolsVersion="4.0" xmlns="http://schemas.microsoft.com/developer/msbuild/2003">
  <ItemGroup>
    <Filter Include="资源文件">
      <UniqueIdentifier>{67DA6AB6-F800-4c08-8B7A-83BB121AAD01}</UniqueIdentifier>
      <Extensions>rc;ico;cur;bmp;dlg;rc2;rct;bin;rgs;gif;jpg;jpeg;jpe;resx;tiff;tif;png;wav;mfcribbon-ms</Extensions>
    </Filter>
    <Filter Include="通用标头">
      <UniqueIdentifier>{93995380-89BD-4b04-88EB-625FBE52EBFB}</UniqueIdentifier>
      <Extensions>h;hh;hpp;hxx;h++;hm;inl;inc;ipp;xsd</Extensions>
    </Filter>
    <Filter Include="通用函数">
      <UniqueIdentifier>{4FC737F1-C7A5-4376-A066-2A32D752A2FF}</UniqueIdentifier>
      <Extensions>cpp;c;cc;cxx;c++;cppm;ixx;def;odl;idl;hpj;bat;asm;asmx</Extensions>
    </Filter>
    <Filter Include="发送消息">
      <UniqueIdentifier>{b1463ca2-6055-4c67-8c42-6319a6171dd2}</UniqueIdentifier>
    </Filter>
    <Filter Include="发送消息\发送图片">
      <UniqueIdentifier>{b22823ee-f629-4e0a-8358-da017f0e5c3a}</UniqueIdentifier>
    </Filter>
    <Filter Include="发送消息\发送文本">
      <UniqueIdentifier>{912e6334-b078-4ba6-813c-66d0de3ee123}</UniqueIdentifier>
    </Filter>
    <Filter Include="发送消息\发送文件">
      <UniqueIdentifier>{069b8c09-e473-4bba-a49e-571f35f2efef}</UniqueIdentifier>
    </Filter>
    <Filter Include="自动功能">
      <UniqueIdentifier>{25f77de8-b12c-4f2b-a3ac-0260b6a16897}</UniqueIdentifier>
    </Filter>
    <Filter Include="好友相关">
      <UniqueIdentifier>{8ad1ff87-550b-4942-8ebd-afbe1cfaddc9}</UniqueIdentifier>
    </Filter>
    <Filter Include="好友相关\好友列表">
      <UniqueIdentifier>{24dc11dd-cb6a-4c63-bf21-35823cd389ab}</UniqueIdentifier>
    </Filter>
    <Filter Include="好友相关\好友信息">
      <UniqueIdentifier>{564cc9ef-a939-4bfd-a420-a08b3072d198}</UniqueIdentifier>
    </Filter>
    <Filter Include="个人信息">
      <UniqueIdentifier>{722c02ee-dda5-4a6a-9443-f1ed3c112709}</UniqueIdentifier>
    </Filter>
    <Filter Include="发送消息\发送文章">
      <UniqueIdentifier>{edd6e39f-235b-4db5-aea1-ec2c8d0072c5}</UniqueIdentifier>
    </Filter>
    <Filter Include="发送消息\发送名片">
      <UniqueIdentifier>{fc747a68-6314-4f23-92de-a1e55275a01e}</UniqueIdentifier>
    </Filter>
    <Filter Include="好友相关\好友状态">
      <UniqueIdentifier>{5a6d7d8b-a126-4da1-b540-09c79886ffef}</UniqueIdentifier>
    </Filter>
    <Filter Include="微信日志">
      <UniqueIdentifier>{54c9691e-786d-4279-874d-b1e35673a666}</UniqueIdentifier>
    </Filter>
    <Filter Include="接收消息">
      <UniqueIdentifier>{4763248d-1490-48c0-aa63-bf3265cf8178}</UniqueIdentifier>
    </Filter>
    <Filter Include="发送消息\发送艾特">
      <UniqueIdentifier>{15310114-64cf-4426-a4ef-3c889824d2de}</UniqueIdentifier>
    </Filter>
    <Filter Include="群相关">
      <UniqueIdentifier>{5bb967a4-4dc2-4b95-a3da-2795edc30b1b}</UniqueIdentifier>
    </Filter>
    <Filter Include="群相关\获取群成员">
      <UniqueIdentifier>{fabe98aa-4f28-4bc6-b368-68808145a135}</UniqueIdentifier>
    </Filter>
    <Filter Include="数据库">
      <UniqueIdentifier>{430d3dd8-bbd5-4ec2-85dc-7d853ea0096d}</UniqueIdentifier>
    </Filter>
    <Filter Include="数据库\获取句柄">
      <UniqueIdentifier>{c7530a89-ce8c-4a36-95c9-b573d2b305f6}</UniqueIdentifier>
    </Filter>
    <Filter Include="数据库\执行SQL">
      <UniqueIdentifier>{af9a0b81-49b3-4029-a4e4-2a5559f26d32}</UniqueIdentifier>
    </Filter>
    <Filter Include="数据库\数据库备份">
      <UniqueIdentifier>{59e555da-03e8-41d4-bd90-53e1b02fb30d}</UniqueIdentifier>
    </Filter>
  </ItemGroup>
  <ItemGroup>
    <ClInclude Include="framework.h">
      <Filter>通用标头</Filter>
    </ClInclude>
    <ClInclude Include="pch.h">
      <Filter>通用标头</Filter>
    </ClInclude>
    <ClInclude Include="SendImage.h">
      <Filter>发送消息\发送图片</Filter>
    </ClInclude>
    <ClInclude Include="SendText.h">
      <Filter>发送消息\发送文本</Filter>
    </ClInclude>
    <ClInclude Include="SendFile.h">
      <Filter>发送消息\发送文件</Filter>
    </ClInclude>
    <ClInclude Include="FriendList.h">
      <Filter>好友相关\好友列表</Filter>
    </ClInclude>
    <ClInclude Include="UserInfo.h">
      <Filter>好友相关\好友信息</Filter>
    </ClInclude>
    <ClInclude Include="SelfInfo.h">
      <Filter>个人信息</Filter>
    </ClInclude>
    <ClInclude Include="SendArticle.h">
      <Filter>发送消息\发送文章</Filter>
    </ClInclude>
    <ClInclude Include="SendCard.h">
      <Filter>发送消息\发送名片</Filter>
    </ClInclude>
    <ClInclude Include="CheckFriendStatus.h">
      <Filter>好友相关\好友状态</Filter>
    </ClInclude>
    <ClInclude Include="LogMsgInfo.h">
      <Filter>微信日志</Filter>
    </ClInclude>
    <ClInclude Include="ReceiveMessage.h">
      <Filter>接收消息</Filter>
    </ClInclude>
    <ClInclude Include="SendAtText.h">
      <Filter>发送消息\发送艾特</Filter>
    </ClInclude>
    <ClInclude Include="GetChatRoomMembers.h">
      <Filter>群相关\获取群成员</Filter>
    </ClInclude>
    <ClInclude Include="DbExecuteSql.h">
      <Filter>数据库\执行SQL</Filter>
    </ClInclude>
    <ClInclude Include="GetDbHandles.h">
      <Filter>数据库\获取句柄</Filter>
    </ClInclude>
    <ClInclude Include="DbBackup.h">
      <Filter>数据库\数据库备份</Filter>
    </ClInclude>
  </ItemGroup>
  <ItemGroup>
    <ClCompile Include="dllmain.cpp">
      <Filter>通用函数</Filter>
    </ClCompile>
    <ClCompile Include="pch.cpp">
      <Filter>通用函数</Filter>
    </ClCompile>
    <ClCompile Include="SendImage.cpp">
      <Filter>发送消息\发送图片</Filter>
    </ClCompile>
    <ClCompile Include="SendText.cpp">
      <Filter>发送消息\发送文本</Filter>
    </ClCompile>
    <ClCompile Include="SendFile.cpp">
      <Filter>发送消息\发送文件</Filter>
    </ClCompile>
    <ClCompile Include="FriendList.cpp">
      <Filter>好友相关\好友列表</Filter>
    </ClCompile>
    <ClCompile Include="UserInfo.cpp">
      <Filter>好友相关\好友信息</Filter>
    </ClCompile>
    <ClCompile Include="SelfInfo.cpp">
      <Filter>个人信息</Filter>
    </ClCompile>
    <ClCompile Include="SendArticle.cpp">
      <Filter>发送消息\发送文章</Filter>
    </ClCompile>
    <ClCompile Include="SendCard.cpp">
      <Filter>发送消息\发送名片</Filter>
    </ClCompile>
    <ClCompile Include="CheckFriendStatus.cpp">
      <Filter>好友相关\好友状态</Filter>
    </ClCompile>
    <ClCompile Include="LogMsgInfo.cpp">
      <Filter>微信日志</Filter>
    </ClCompile>
    <ClCompile Include="ReceiveMessage.cpp">
      <Filter>接收消息</Filter>
    </ClCompile>
    <ClCompile Include="SendAtText.cpp">
      <Filter>发送消息\发送艾特</Filter>
    </ClCompile>
    <ClCompile Include="GetChatRoomMemebers.cpp">
      <Filter>群相关\获取群成员</Filter>
    </ClCompile>
    <ClCompile Include="DbExecuteSql.cpp">
      <Filter>数据库\执行SQL</Filter>
    </ClCompile>
    <ClCompile Include="GetDbHandles.cpp">
      <Filter>数据库\获取句柄</Filter>
    </ClCompile>
    <ClCompile Include="DbBackup.cpp">
      <Filter>数据库\数据库备份</Filter>
    </ClCompile>
  </ItemGroup>
</Project>