<?xml version="1.0" encoding="utf-8"?>
<Project ToolsVersion="4.0" xmlns="http://schemas.microsoft.com/developer/msbuild/2003">
  <ItemGroup>
    <Filter Include="资源文件">
      <UniqueIdentifier>{67DA6AB6-F800-4c08-8B7A-83BB121AAD01}</UniqueIdentifier>
      <Extensions>rc;ico;cur;bmp;dlg;rc2;rct;bin;rgs;gif;jpg;jpeg;jpe;resx;tiff;tif;png;wav;mfcribbon-ms</Extensions>
    </Filter>
    <Filter Include="通用标头">
      <UniqueIdentifier>{93995380-89BD-4b04-88EB-625FBE52EBFB}</UniqueIdentifier>
      <Extensions>h;hh;hpp;hxx;h++;hm;inl;inc;ipp;xsd</Extensions>
    </Filter>
    <Filter Include="通用函数">
      <UniqueIdentifier>{4FC737F1-C7A5-4376-A066-2A32D752A2FF}</UniqueIdentifier>
      <Extensions>cpp;c;cc;cxx;c++;cppm;ixx;def;odl;idl;hpj;bat;asm;asmx</Extensions>
    </Filter>
    <Filter Include="发送消息">
      <UniqueIdentifier>{b1463ca2-6055-4c67-8c42-6319a6171dd2}</UniqueIdentifier>
    </Filter>
    <Filter Include="发送消息\发送图片">
      <UniqueIdentifier>{b22823ee-f629-4e0a-8358-da017f0e5c3a}</UniqueIdentifier>
    </Filter>
    <Filter Include="发送消息\发送文本">
      <UniqueIdentifier>{912e6334-b078-4ba6-813c-66d0de3ee123}</UniqueIdentifier>
    </Filter>
    <Filter Include="发送消息\发送文件">
      <UniqueIdentifier>{069b8c09-e473-4bba-a49e-571f35f2efef}</UniqueIdentifier>
    </Filter>
    <Filter Include="好友列表">
      <UniqueIdentifier>{24dc11dd-cb6a-4c63-bf21-35823cd389ab}</UniqueIdentifier>
    </Filter>
    <Filter Include="自动功能">
      <UniqueIdentifier>{25f77de8-b12c-4f2b-a3ac-0260b6a16897}</UniqueIdentifier>
    </Filter>
    <Filter Include="自动功能\聊天表情">
      <UniqueIdentifier>{166b9e01-bc1c-4366-abcf-c14ec3fbbfb1}</UniqueIdentifier>
    </Filter>
  </ItemGroup>
  <ItemGroup>
    <ClInclude Include="framework.h">
      <Filter>通用标头</Filter>
    </ClInclude>
    <ClInclude Include="pch.h">
      <Filter>通用标头</Filter>
    </ClInclude>
    <ClInclude Include="SendImage.h">
      <Filter>发送消息\发送图片</Filter>
    </ClInclude>
    <ClInclude Include="SendText.h">
      <Filter>发送消息\发送文本</Filter>
    </ClInclude>
    <ClInclude Include="SendFile.h">
      <Filter>发送消息\发送文件</Filter>
    </ClInclude>
    <ClInclude Include="FriendList.h">
      <Filter>好友列表</Filter>
    </ClInclude>
    <ClInclude Include="SaveGif.h">
      <Filter>自动功能\聊天表情</Filter>
    </ClInclude>
  </ItemGroup>
  <ItemGroup>
    <ClCompile Include="dllmain.cpp">
      <Filter>通用函数</Filter>
    </ClCompile>
    <ClCompile Include="pch.cpp">
      <Filter>通用函数</Filter>
    </ClCompile>
    <ClCompile Include="SendImage.cpp">
      <Filter>发送消息\发送图片</Filter>
    </ClCompile>
    <ClCompile Include="SendText.cpp">
      <Filter>发送消息\发送文本</Filter>
    </ClCompile>
    <ClCompile Include="SendFile.cpp">
      <Filter>发送消息\发送文件</Filter>
    </ClCompile>
    <ClCompile Include="FriendList.cpp">
      <Filter>好友列表</Filter>
    </ClCompile>
    <ClCompile Include="SaveGif.cpp">
      <Filter>自动功能\聊天表情</Filter>
    </ClCompile>
    <ClCompile Include="showFriendList.cpp">
      <Filter>好友列表</Filter>
    </ClCompile>
  </ItemGroup>
</Project>