<?xml version="1.0" encoding="utf-8"?>
<Project ToolsVersion="4.0" xmlns="http://schemas.microsoft.com/developer/msbuild/2003">
  <ItemGroup>
    <Filter Include="资源文件">
      <UniqueIdentifier>{67DA6AB6-F800-4c08-8B7A-83BB121AAD01}</UniqueIdentifier>
      <Extensions>rc;ico;cur;bmp;dlg;rc2;rct;bin;rgs;gif;jpg;jpeg;jpe;resx;tiff;tif;png;wav;mfcribbon-ms</Extensions>
    </Filter>
    <Filter Include="通用标头">
      <UniqueIdentifier>{93995380-89BD-4b04-88EB-625FBE52EBFB}</UniqueIdentifier>
      <Extensions>h;hh;hpp;hxx;h++;hm;inl;inc;ipp;xsd</Extensions>
    </Filter>
    <Filter Include="通用函数">
      <UniqueIdentifier>{4FC737F1-C7A5-4376-A066-2A32D752A2FF}</UniqueIdentifier>
      <Extensions>cpp;c;cc;cxx;c++;cppm;ixx;def;odl;idl;hpj;bat;asm;asmx</Extensions>
    </Filter>
    <Filter Include="发送消息">
      <UniqueIdentifier>{b1463ca2-6055-4c67-8c42-6319a6171dd2}</UniqueIdentifier>
    </Filter>
    <Filter Include="发送消息\发送图片">
      <UniqueIdentifier>{b22823ee-f629-4e0a-8358-da017f0e5c3a}</UniqueIdentifier>
    </Filter>
    <Filter Include="发送消息\发送文本">
      <UniqueIdentifier>{912e6334-b078-4ba6-813c-66d0de3ee123}</UniqueIdentifier>
    </Filter>
    <Filter Include="发送消息\发送文件">
      <UniqueIdentifier>{069b8c09-e473-4bba-a49e-571f35f2efef}</UniqueIdentifier>
    </Filter>
    <Filter Include="好友相关">
      <UniqueIdentifier>{8ad1ff87-550b-4942-8ebd-afbe1cfaddc9}</UniqueIdentifier>
    </Filter>
    <Filter Include="好友相关\好友列表">
      <UniqueIdentifier>{24dc11dd-cb6a-4c63-bf21-35823cd389ab}</UniqueIdentifier>
    </Filter>
    <Filter Include="个人信息">
      <UniqueIdentifier>{722c02ee-dda5-4a6a-9443-f1ed3c112709}</UniqueIdentifier>
    </Filter>
    <Filter Include="发送消息\发送文章">
      <UniqueIdentifier>{edd6e39f-235b-4db5-aea1-ec2c8d0072c5}</UniqueIdentifier>
    </Filter>
    <Filter Include="发送消息\发送名片">
      <UniqueIdentifier>{fc747a68-6314-4f23-92de-a1e55275a01e}</UniqueIdentifier>
    </Filter>
    <Filter Include="好友相关\好友状态">
      <UniqueIdentifier>{5a6d7d8b-a126-4da1-b540-09c79886ffef}</UniqueIdentifier>
    </Filter>
    <Filter Include="微信日志">
      <UniqueIdentifier>{54c9691e-786d-4279-874d-b1e35673a666}</UniqueIdentifier>
    </Filter>
    <Filter Include="接收消息">
      <UniqueIdentifier>{4763248d-1490-48c0-aa63-bf3265cf8178}</UniqueIdentifier>
    </Filter>
    <Filter Include="发送消息\发送艾特">
      <UniqueIdentifier>{15310114-64cf-4426-a4ef-3c889824d2de}</UniqueIdentifier>
    </Filter>
    <Filter Include="群相关">
      <UniqueIdentifier>{5bb967a4-4dc2-4b95-a3da-2795edc30b1b}</UniqueIdentifier>
    </Filter>
    <Filter Include="数据库">
      <UniqueIdentifier>{430d3dd8-bbd5-4ec2-85dc-7d853ea0096d}</UniqueIdentifier>
    </Filter>
    <Filter Include="数据库\获取句柄">
      <UniqueIdentifier>{c7530a89-ce8c-4a36-95c9-b573d2b305f6}</UniqueIdentifier>
    </Filter>
    <Filter Include="数据库\执行SQL">
      <UniqueIdentifier>{af9a0b81-49b3-4029-a4e4-2a5559f26d32}</UniqueIdentifier>
    </Filter>
    <Filter Include="数据库\数据库备份">
      <UniqueIdentifier>{59e555da-03e8-41d4-bd90-53e1b02fb30d}</UniqueIdentifier>
    </Filter>
    <Filter Include="好友相关\通过好友请求">
      <UniqueIdentifier>{350447a5-87e5-438c-b54d-504bbb15b201}</UniqueIdentifier>
    </Filter>
    <Filter Include="好友相关\添加好友">
      <UniqueIdentifier>{b6326361-658a-45dc-95da-64943e87d9ef}</UniqueIdentifier>
    </Filter>
    <Filter Include="好友相关\搜索好友">
      <UniqueIdentifier>{564cc9ef-a939-4bfd-a420-a08b3072d198}</UniqueIdentifier>
    </Filter>
    <Filter Include="微信版本">
      <UniqueIdentifier>{820d8228-ee6c-43ad-87ec-4e349d7a549a}</UniqueIdentifier>
    </Filter>
    <Filter Include="好友相关\删除好友">
      <UniqueIdentifier>{cf1ddfc9-e181-43e5-ba92-998439becadb}</UniqueIdentifier>
    </Filter>
    <Filter Include="发送消息\发送小程序">
      <UniqueIdentifier>{2e1bef8d-a840-4318-a728-29f1e8e68336}</UniqueIdentifier>
    </Filter>
    <Filter Include="wxsocket">
      <UniqueIdentifier>{aa631fe9-d228-4c2b-a317-0b0914bed451}</UniqueIdentifier>
    </Filter>
    <Filter Include="comclient">
      <UniqueIdentifier>{79c2ec41-70f9-445a-8681-5a2dbfe01eca}</UniqueIdentifier>
    </Filter>
    <Filter Include="好友相关\修改备注">
      <UniqueIdentifier>{23a3ba8c-2be4-4020-af6d-99f95ccf41c8}</UniqueIdentifier>
    </Filter>
    <Filter Include="群相关\删除成员">
      <UniqueIdentifier>{97a29e84-9ac8-4a48-9fc6-040f93fc2239}</UniqueIdentifier>
    </Filter>
    <Filter Include="群相关\修改群公告">
      <UniqueIdentifier>{e675d10e-10a3-47b5-a64f-d430df80a612}</UniqueIdentifier>
    </Filter>
    <Filter Include="群相关\添加成员">
      <UniqueIdentifier>{a727c65d-1b9f-46f7-b343-4d9256129902}</UniqueIdentifier>
    </Filter>
    <Filter Include="群相关\修改群聊名称">
      <UniqueIdentifier>{40cc017b-9cfc-43eb-8576-8244bd46f2c3}</UniqueIdentifier>
    </Filter>
    <Filter Include="群相关\修改群内昵称">
      <UniqueIdentifier>{78f3a991-b957-43d0-9f21-669b33f28942}</UniqueIdentifier>
    </Filter>
    <Filter Include="群相关\获取群成员列表">
      <UniqueIdentifier>{fabe98aa-4f28-4bc6-b368-68808145a135}</UniqueIdentifier>
    </Filter>
    <Filter Include="群相关\获取群成员昵称">
      <UniqueIdentifier>{cb62e2bc-3505-49dd-9b35-def28c95ff8c}</UniqueIdentifier>
    </Filter>
    <Filter Include="浏览器相关">
      <UniqueIdentifier>{84e424af-652f-41ff-8899-eca889227424}</UniqueIdentifier>
    </Filter>
    <Filter Include="浏览器相关\打开浏览器">
      <UniqueIdentifier>{e308ad8c-60c5-4043-a30b-ee7acaf47f36}</UniqueIdentifier>
    </Filter>
    <Filter Include="浏览器相关\获取公众号历史信息">
      <UniqueIdentifier>{05d4d999-8961-4c1a-82fb-a36e3a4965f8}</UniqueIdentifier>
    </Filter>
    <Filter Include="发送消息\转发消息">
      <UniqueIdentifier>{da7b0dbb-2d48-473f-9bb9-6d36ec5b02d3}</UniqueIdentifier>
    </Filter>
    <Filter Include="二维码">
      <UniqueIdentifier>{a0a64bc2-f48e-41a0-838a-45b9985f8d68}</UniqueIdentifier>
    </Filter>
    <Filter Include="浏览器相关\获取A8Key">
      <UniqueIdentifier>{10054e30-1115-49df-b387-07c207f6cac4}</UniqueIdentifier>
    </Filter>
  </ItemGroup>
  <ItemGroup>
    <ClInclude Include="framework.h">
      <Filter>通用标头</Filter>
    </ClInclude>
    <ClInclude Include="pch.h">
      <Filter>通用标头</Filter>
    </ClInclude>
    <ClInclude Include="SendImage.h">
      <Filter>发送消息\发送图片</Filter>
    </ClInclude>
    <ClInclude Include="SendText.h">
      <Filter>发送消息\发送文本</Filter>
    </ClInclude>
    <ClInclude Include="SendFile.h">
      <Filter>发送消息\发送文件</Filter>
    </ClInclude>
    <ClInclude Include="FriendList.h">
      <Filter>好友相关\好友列表</Filter>
    </ClInclude>
    <ClInclude Include="SearchContact.h">
      <Filter>好友相关\搜索好友</Filter>
    </ClInclude>
    <ClInclude Include="SelfInfo.h">
      <Filter>个人信息</Filter>
    </ClInclude>
    <ClInclude Include="SendArticle.h">
      <Filter>发送消息\发送文章</Filter>
    </ClInclude>
    <ClInclude Include="SendCard.h">
      <Filter>发送消息\发送名片</Filter>
    </ClInclude>
    <ClInclude Include="CheckFriendStatus.h">
      <Filter>好友相关\好友状态</Filter>
    </ClInclude>
    <ClInclude Include="LogMsgInfo.h">
      <Filter>微信日志</Filter>
    </ClInclude>
    <ClInclude Include="ReceiveMessage.h">
      <Filter>接收消息</Filter>
    </ClInclude>
    <ClInclude Include="SendAtText.h">
      <Filter>发送消息\发送艾特</Filter>
    </ClInclude>
    <ClInclude Include="GetChatRoomMembers.h">
      <Filter>群相关\获取群成员列表</Filter>
    </ClInclude>
    <ClInclude Include="DbExecuteSql.h">
      <Filter>数据库\执行SQL</Filter>
    </ClInclude>
    <ClInclude Include="GetDbHandles.h">
      <Filter>数据库\获取句柄</Filter>
    </ClInclude>
    <ClInclude Include="DbBackup.h">
      <Filter>数据库\数据库备份</Filter>
    </ClInclude>
    <ClInclude Include="VerifyFriendApply.h">
      <Filter>好友相关\通过好友请求</Filter>
    </ClInclude>
    <ClInclude Include="AddFriend.h">
      <Filter>好友相关\添加好友</Filter>
    </ClInclude>
    <ClInclude Include="sqlite3.h">
      <Filter>通用标头</Filter>
    </ClInclude>
    <ClInclude Include="wechatver.h">
      <Filter>微信版本</Filter>
    </ClInclude>
    <ClInclude Include="DeleteUser.h">
      <Filter>好友相关\删除好友</Filter>
    </ClInclude>
    <ClInclude Include="SendAppMsg.h">
      <Filter>发送消息\发送小程序</Filter>
    </ClInclude>
    <ClInclude Include="comclient.h">
      <Filter>comclient</Filter>
    </ClInclude>
    <ClInclude Include="wxsocketapi.h">
      <Filter>wxsocket</Filter>
    </ClInclude>
    <ClInclude Include="wxdata.h">
      <Filter>通用标头</Filter>
    </ClInclude>
    <ClInclude Include="wxapi.h">
      <Filter>通用标头</Filter>
    </ClInclude>
    <ClInclude Include="EditRemark.h">
      <Filter>好友相关\修改备注</Filter>
    </ClInclude>
    <ClInclude Include="DelChatRoomMember.h">
      <Filter>群相关\删除成员</Filter>
    </ClInclude>
    <ClInclude Include="AddChatRoomMember.h">
      <Filter>群相关\添加成员</Filter>
    </ClInclude>
    <ClInclude Include="SetChatRoomAnnouncement.h">
      <Filter>群相关\修改群公告</Filter>
    </ClInclude>
    <ClInclude Include="SetChatRoomSelfNickname.h">
      <Filter>群相关\修改群内昵称</Filter>
    </ClInclude>
    <ClInclude Include="SetChatRoomName.h">
      <Filter>群相关\修改群聊名称</Filter>
    </ClInclude>
    <ClInclude Include="GetChatRoomMemberNickname.h">
      <Filter>群相关\获取群成员昵称</Filter>
    </ClInclude>
    <ClInclude Include="http_overload.hpp">
      <Filter>wxsocket</Filter>
    </ClInclude>
    <ClInclude Include="OpenBrowser.h">
      <Filter>浏览器相关\打开浏览器</Filter>
    </ClInclude>
    <ClInclude Include="GetHistoryPublicMsg.h">
      <Filter>浏览器相关\获取公众号历史信息</Filter>
    </ClInclude>
    <ClInclude Include="ForwardMessage.h">
      <Filter>发送消息\转发消息</Filter>
    </ClInclude>
    <ClInclude Include="GetQrcodeImage.h">
      <Filter>二维码</Filter>
    </ClInclude>
    <ClInclude Include="wxsignal.h">
      <Filter>通用标头</Filter>
    </ClInclude>
    <ClInclude Include="GetA8Key.h">
      <Filter>浏览器相关\获取A8Key</Filter>
    </ClInclude>
  </ItemGroup>
  <ItemGroup>
    <ClCompile Include="dllmain.cpp">
      <Filter>通用函数</Filter>
    </ClCompile>
    <ClCompile Include="pch.cpp">
      <Filter>通用函数</Filter>
    </ClCompile>
    <ClCompile Include="SendImage.cpp">
      <Filter>发送消息\发送图片</Filter>
    </ClCompile>
    <ClCompile Include="SendText.cpp">
      <Filter>发送消息\发送文本</Filter>
    </ClCompile>
    <ClCompile Include="SendFile.cpp">
      <Filter>发送消息\发送文件</Filter>
    </ClCompile>
    <ClCompile Include="FriendList.cpp">
      <Filter>好友相关\好友列表</Filter>
    </ClCompile>
    <ClCompile Include="SearchContactByCache.cpp">
      <Filter>好友相关\搜索好友</Filter>
    </ClCompile>
    <ClCompile Include="SelfInfo.cpp">
      <Filter>个人信息</Filter>
    </ClCompile>
    <ClCompile Include="SendArticle.cpp">
      <Filter>发送消息\发送文章</Filter>
    </ClCompile>
    <ClCompile Include="SendCard.cpp">
      <Filter>发送消息\发送名片</Filter>
    </ClCompile>
    <ClCompile Include="CheckFriendStatus.cpp">
      <Filter>好友相关\好友状态</Filter>
    </ClCompile>
    <ClCompile Include="LogMsgInfo.cpp">
      <Filter>微信日志</Filter>
    </ClCompile>
    <ClCompile Include="ReceiveMessage.cpp">
      <Filter>接收消息</Filter>
    </ClCompile>
    <ClCompile Include="SendAtText.cpp">
      <Filter>发送消息\发送艾特</Filter>
    </ClCompile>
    <ClCompile Include="GetChatRoomMemebers.cpp">
      <Filter>群相关\获取群成员列表</Filter>
    </ClCompile>
    <ClCompile Include="DbExecuteSql.cpp">
      <Filter>数据库\执行SQL</Filter>
    </ClCompile>
    <ClCompile Include="GetDbHandles.cpp">
      <Filter>数据库\获取句柄</Filter>
    </ClCompile>
    <ClCompile Include="DbBackup.cpp">
      <Filter>数据库\数据库备份</Filter>
    </ClCompile>
    <ClCompile Include="VerifyFriendApply.cpp">
      <Filter>好友相关\通过好友请求</Filter>
    </ClCompile>
    <ClCompile Include="AddFriendByWxid.cpp">
      <Filter>好友相关\添加好友</Filter>
    </ClCompile>
    <ClCompile Include="AddFriendByV3.cpp">
      <Filter>好友相关\添加好友</Filter>
    </ClCompile>
    <ClCompile Include="SearchContactByNet.cpp">
      <Filter>好友相关\搜索好友</Filter>
    </ClCompile>
    <ClCompile Include="AddBrandContact.cpp">
      <Filter>好友相关\添加好友</Filter>
    </ClCompile>
    <ClCompile Include="HookImageMessage.cpp">
      <Filter>接收消息</Filter>
    </ClCompile>
    <ClCompile Include="HookVoiceMessage.cpp">
      <Filter>接收消息</Filter>
    </ClCompile>
    <ClCompile Include="wechatver.cpp">
      <Filter>微信版本</Filter>
    </ClCompile>
    <ClCompile Include="DeleteUser.cpp">
      <Filter>好友相关\删除好友</Filter>
    </ClCompile>
    <ClCompile Include="SendAppMsg.cpp">
      <Filter>发送消息\发送小程序</Filter>
    </ClCompile>
    <ClCompile Include="wxsocket.cpp">
      <Filter>wxsocket</Filter>
    </ClCompile>
    <ClCompile Include="comclient.cpp">
      <Filter>comclient</Filter>
    </ClCompile>
    <ClCompile Include="EditRemark.cpp">
      <Filter>好友相关\修改备注</Filter>
    </ClCompile>
    <ClCompile Include="DelChatRoomMember.cpp">
      <Filter>群相关\删除成员</Filter>
    </ClCompile>
    <ClCompile Include="AddChatRoomMember.cpp">
      <Filter>群相关\添加成员</Filter>
    </ClCompile>
    <ClCompile Include="SetChatRoomAnnouncement.cpp">
      <Filter>群相关\修改群公告</Filter>
    </ClCompile>
    <ClCompile Include="SetChatRoomSelfNickname.cpp">
      <Filter>群相关\修改群内昵称</Filter>
    </ClCompile>
    <ClCompile Include="SetChatRoomName.cpp">
      <Filter>群相关\修改群聊名称</Filter>
    </ClCompile>
    <ClCompile Include="GetChatRoomMemberNickname.cpp">
      <Filter>群相关\获取群成员昵称</Filter>
    </ClCompile>
    <ClCompile Include="base64\base64.cpp">
      <Filter>wxsocket</Filter>
    </ClCompile>
    <ClCompile Include="OpenBrowser.cpp">
      <Filter>浏览器相关\打开浏览器</Filter>
    </ClCompile>
    <ClCompile Include="GetHistoryPublicMsg.cpp">
      <Filter>浏览器相关\获取公众号历史信息</Filter>
    </ClCompile>
    <ClCompile Include="ForwardMessage.cpp">
      <Filter>发送消息\转发消息</Filter>
    </ClCompile>
    <ClCompile Include="GetQrcodeImage.cpp">
      <Filter>二维码</Filter>
    </ClCompile>
    <ClCompile Include="GetA8Key.cpp">
      <Filter>浏览器相关\获取A8Key</Filter>
    </ClCompile>
  </ItemGroup>
</Project>
