<?xml version="1.0" encoding="utf-8"?>
<Project ToolsVersion="4.0" xmlns="http://schemas.microsoft.com/developer/msbuild/2003">
  <ItemGroup>
    <Filter Include="源文件">
      <UniqueIdentifier>{4FC737F1-C7A5-4376-A066-2A32D752A2FF}</UniqueIdentifier>
      <Extensions>cpp;c;cc;cxx;c++;cppm;ixx;def;odl;idl;hpj;bat;asm;asmx</Extensions>
    </Filter>
    <Filter Include="头文件">
      <UniqueIdentifier>{93995380-89BD-4b04-88EB-625FBE52EBFB}</UniqueIdentifier>
      <Extensions>h;hh;hpp;hxx;h++;hm;inl;inc;ipp;xsd</Extensions>
    </Filter>
    <Filter Include="资源文件">
      <UniqueIdentifier>{67DA6AB6-F800-4c08-8B7A-83BB121AAD01}</UniqueIdentifier>
      <Extensions>rc;ico;cur;bmp;dlg;rc2;rct;bin;rgs;gif;jpg;jpeg;jpe;resx;tiff;tif;png;wav;mfcribbon-ms</Extensions>
    </Filter>
    <Filter Include="生成的文件">
      <UniqueIdentifier>{bbe1ba5c-e2d6-4aad-b97a-18ad64a9f157}</UniqueIdentifier>
      <SourceControlFiles>False</SourceControlFiles>
    </Filter>
    <Filter Include="注入工具">
      <UniqueIdentifier>{2a494b07-1ec6-45c4-960c-09875429c485}</UniqueIdentifier>
    </Filter>
    <Filter Include="发送消息">
      <UniqueIdentifier>{9e0389a0-4ff4-40a5-8d6a-2c446d7c10b9}</UniqueIdentifier>
    </Filter>
    <Filter Include="发送消息\发送文本">
      <UniqueIdentifier>{2f5b934c-6123-4271-880a-7e185fde0fee}</UniqueIdentifier>
    </Filter>
    <Filter Include="发送消息\发送图片">
      <UniqueIdentifier>{99158de3-8221-42df-8b1f-eb3c7c383e20}</UniqueIdentifier>
    </Filter>
    <Filter Include="发送消息\发送文件">
      <UniqueIdentifier>{eb0eba18-3b38-466c-8978-f7d0f2bb756e}</UniqueIdentifier>
    </Filter>
    <Filter Include="好友相关">
      <UniqueIdentifier>{19933e02-50d4-489c-823e-4e7fe6539792}</UniqueIdentifier>
    </Filter>
    <Filter Include="好友相关\好友列表">
      <UniqueIdentifier>{be3e55a9-dd57-4e92-a340-cb558f3cd4f7}</UniqueIdentifier>
    </Filter>
    <Filter Include="个人信息">
      <UniqueIdentifier>{82fef7e4-e819-4cb2-9087-40ae1f426e73}</UniqueIdentifier>
    </Filter>
    <Filter Include="发送消息\发送文章">
      <UniqueIdentifier>{1986e9ed-7cd3-4ad3-b333-a1d74cc53c28}</UniqueIdentifier>
    </Filter>
    <Filter Include="发送消息\发送名片">
      <UniqueIdentifier>{9d9c2a95-9243-4809-884b-70d6d87a7128}</UniqueIdentifier>
    </Filter>
    <Filter Include="好友相关\好友状态">
      <UniqueIdentifier>{2543fa88-031d-42ca-9dd1-ac564ee2f744}</UniqueIdentifier>
    </Filter>
    <Filter Include="接收消息">
      <UniqueIdentifier>{9f0d63f2-46a6-4d9c-83dd-ed19792705d0}</UniqueIdentifier>
    </Filter>
    <Filter Include="发送消息\发送艾特">
      <UniqueIdentifier>{ee92dda5-7326-49ad-a09b-b339eedbb518}</UniqueIdentifier>
    </Filter>
    <Filter Include="群相关">
      <UniqueIdentifier>{2f19dd43-78d1-4a4b-8aad-fb047f4274e6}</UniqueIdentifier>
    </Filter>
    <Filter Include="数据库">
      <UniqueIdentifier>{c41b73aa-9ccc-4cfe-88e5-6b2849fa1fae}</UniqueIdentifier>
    </Filter>
    <Filter Include="数据库\获取句柄">
      <UniqueIdentifier>{117e40dc-e3d0-41b7-a215-50e974b3adb0}</UniqueIdentifier>
    </Filter>
    <Filter Include="数据库\执行SQL">
      <UniqueIdentifier>{c619874d-ac89-42cc-b12b-c64662f4951e}</UniqueIdentifier>
    </Filter>
    <Filter Include="数据库\数据库备份">
      <UniqueIdentifier>{f34f7c72-a310-4c23-b153-681307fb6277}</UniqueIdentifier>
    </Filter>
    <Filter Include="好友相关\通过好友请求">
      <UniqueIdentifier>{ed2746cb-8d2d-4ad9-865d-d06563766571}</UniqueIdentifier>
    </Filter>
    <Filter Include="好友相关\添加好友">
      <UniqueIdentifier>{14bcc8af-c28c-4911-8be2-53280ec154ec}</UniqueIdentifier>
    </Filter>
    <Filter Include="好友相关\搜索好友">
      <UniqueIdentifier>{cdd9e8b4-4576-499c-b20e-60e05911f6d6}</UniqueIdentifier>
    </Filter>
    <Filter Include="微信版本">
      <UniqueIdentifier>{4214a216-3efc-48db-8fda-8a33066b2db2}</UniqueIdentifier>
    </Filter>
    <Filter Include="发送消息\发送小程序">
      <UniqueIdentifier>{85b30d50-eaf9-4576-9416-c6083438389c}</UniqueIdentifier>
    </Filter>
    <Filter Include="好友相关\删除好友">
      <UniqueIdentifier>{68a69a6f-dba9-412e-9030-a9dc0544d31c}</UniqueIdentifier>
    </Filter>
    <Filter Include="群相关\添加成员">
      <UniqueIdentifier>{e6b99ddc-dda9-4b29-a793-2861f938f25e}</UniqueIdentifier>
    </Filter>
    <Filter Include="群相关\删除成员">
      <UniqueIdentifier>{08a7171a-4e53-4e3c-8620-51d210d7e6cd}</UniqueIdentifier>
    </Filter>
    <Filter Include="群相关\修改群内昵称">
      <UniqueIdentifier>{94e0d459-3155-4667-9344-c37fff4b2884}</UniqueIdentifier>
    </Filter>
    <Filter Include="群相关\修改群聊名称">
      <UniqueIdentifier>{4ceb1ebc-e375-482f-a991-bc25b7e76ff4}</UniqueIdentifier>
    </Filter>
    <Filter Include="群相关\修改群公告">
      <UniqueIdentifier>{beb056e4-4b7b-445b-bdb3-6a9ca841c926}</UniqueIdentifier>
    </Filter>
    <Filter Include="好友相关\修改备注">
      <UniqueIdentifier>{077fd0e6-3a34-4a2d-8289-b3f0fa6576de}</UniqueIdentifier>
    </Filter>
    <Filter Include="群相关\获取群成员昵称">
      <UniqueIdentifier>{a543b25f-9bb5-4a91-b7a8-a7af0047491e}</UniqueIdentifier>
    </Filter>
    <Filter Include="群相关\获取群成员列表">
      <UniqueIdentifier>{dce4ab67-7d14-41b1-8e89-cbf9a8315a3a}</UniqueIdentifier>
    </Filter>
    <Filter Include="template">
      <UniqueIdentifier>{fdd967bf-e9c0-4793-80a1-dcb87b061fc6}</UniqueIdentifier>
    </Filter>
  </ItemGroup>
  <ItemGroup>
    <ClInclude Include="framework.h">
      <Filter>头文件</Filter>
    </ClInclude>
    <ClInclude Include="targetver.h">
      <Filter>头文件</Filter>
    </ClInclude>
    <ClInclude Include="Resource.h">
      <Filter>头文件</Filter>
    </ClInclude>
    <ClInclude Include="xdlldata.h">
      <Filter>头文件</Filter>
    </ClInclude>
    <ClInclude Include="WeChatRobotCOM_i.h">
      <Filter>生成的文件</Filter>
    </ClInclude>
    <ClInclude Include="pch.h">
      <Filter>头文件</Filter>
    </ClInclude>
    <ClInclude Include="WeChatRobot.h">
      <Filter>头文件</Filter>
    </ClInclude>
    <ClInclude Include="InjectDll.h">
      <Filter>注入工具</Filter>
    </ClInclude>
    <ClInclude Include="SendImage.h">
      <Filter>发送消息\发送图片</Filter>
    </ClInclude>
    <ClInclude Include="SendText.h">
      <Filter>发送消息\发送文本</Filter>
    </ClInclude>
    <ClInclude Include="FriendList.h">
      <Filter>好友相关\好友列表</Filter>
    </ClInclude>
    <ClInclude Include="SendFile.h">
      <Filter>发送消息\发送文件</Filter>
    </ClInclude>
    <ClInclude Include="robotdata.h">
      <Filter>头文件</Filter>
    </ClInclude>
    <ClInclude Include="SearchContact.h">
      <Filter>好友相关\搜索好友</Filter>
    </ClInclude>
    <ClInclude Include="SelfInfo.h">
      <Filter>个人信息</Filter>
    </ClInclude>
    <ClInclude Include="SendArticle.h">
      <Filter>发送消息\发送文章</Filter>
    </ClInclude>
    <ClInclude Include="SendCard.h">
      <Filter>发送消息\发送名片</Filter>
    </ClInclude>
    <ClInclude Include="CheckFriendStatus.h">
      <Filter>好友相关\好友状态</Filter>
    </ClInclude>
    <ClInclude Include="ReceiveMessage.h">
      <Filter>接收消息</Filter>
    </ClInclude>
    <ClInclude Include="SendAtText.h">
      <Filter>发送消息\发送艾特</Filter>
    </ClInclude>
    <ClInclude Include="GetChatRoomMembers.h">
      <Filter>群相关\获取群成员列表</Filter>
    </ClInclude>
    <ClInclude Include="GetDbHandles.h">
      <Filter>数据库\获取句柄</Filter>
    </ClInclude>
    <ClInclude Include="DbExecuteSql.h">
      <Filter>数据库\执行SQL</Filter>
    </ClInclude>
    <ClInclude Include="DbBackup.h">
      <Filter>数据库\数据库备份</Filter>
    </ClInclude>
    <ClInclude Include="VerifyFriendApply.h">
      <Filter>好友相关\通过好友请求</Filter>
    </ClInclude>
    <ClInclude Include="AddFriend.h">
      <Filter>好友相关\添加好友</Filter>
    </ClInclude>
    <ClInclude Include="wechatver.h">
      <Filter>微信版本</Filter>
    </ClInclude>
    <ClInclude Include="SendAppMsg.h">
      <Filter>发送消息\发送小程序</Filter>
    </ClInclude>
    <ClInclude Include="DeleteUser.h">
      <Filter>好友相关\删除好友</Filter>
    </ClInclude>
    <ClInclude Include="_IRobotEventEvents_CP.h">
      <Filter>头文件</Filter>
    </ClInclude>
    <ClInclude Include="RobotEvent.h">
      <Filter>头文件</Filter>
    </ClInclude>
    <ClInclude Include="EditRemark.h">
      <Filter>好友相关\修改备注</Filter>
    </ClInclude>
    <ClInclude Include="DelChatRoomMember.h">
      <Filter>群相关\删除成员</Filter>
    </ClInclude>
    <ClInclude Include="AddChatRoomMember.h">
      <Filter>群相关\添加成员</Filter>
    </ClInclude>
    <ClInclude Include="SetChatRoomAnnouncement.h">
      <Filter>群相关\修改群公告</Filter>
    </ClInclude>
    <ClInclude Include="SetChatRoomName.h">
      <Filter>群相关\修改群聊名称</Filter>
    </ClInclude>
    <ClInclude Include="SetChatRoomSelfNickname.h">
      <Filter>群相关\修改群内昵称</Filter>
    </ClInclude>
    <ClInclude Include="GetChatRoomMemberNickname.h">
      <Filter>群相关\获取群成员昵称</Filter>
    </ClInclude>
    <ClInclude Include="ntapi.h">
      <Filter>头文件</Filter>
    </ClInclude>
    <ClInclude Include="templatefunc.h">
      <Filter>template</Filter>
    </ClInclude>
  </ItemGroup>
  <ItemGroup>
    <ClCompile Include="WeChatRobotCOM.cpp">
      <Filter>源文件</Filter>
    </ClCompile>
    <ClCompile Include="xdlldata.c">
      <Filter>源文件</Filter>
    </ClCompile>
    <ClCompile Include="WeChatRobotCOM_i.c">
      <Filter>生成的文件</Filter>
    </ClCompile>
    <ClCompile Include="pch.cpp">
      <Filter>源文件</Filter>
    </ClCompile>
    <ClCompile Include="WeChatRobot.cpp">
      <Filter>源文件</Filter>
    </ClCompile>
    <ClCompile Include="InjectDll.cpp">
      <Filter>注入工具</Filter>
    </ClCompile>
    <ClCompile Include="SendImage.cpp">
      <Filter>发送消息\发送图片</Filter>
    </ClCompile>
    <ClCompile Include="SendText.cpp">
      <Filter>发送消息\发送文本</Filter>
    </ClCompile>
    <ClCompile Include="FriendList.cpp">
      <Filter>好友相关\好友列表</Filter>
    </ClCompile>
    <ClCompile Include="SendFile.cpp">
      <Filter>发送消息\发送文件</Filter>
    </ClCompile>
    <ClCompile Include="SearchContactByCache.cpp">
      <Filter>好友相关\搜索好友</Filter>
    </ClCompile>
    <ClCompile Include="SelfInfo.cpp">
      <Filter>个人信息</Filter>
    </ClCompile>
    <ClCompile Include="SendArticle.cpp">
      <Filter>发送消息\发送文章</Filter>
    </ClCompile>
    <ClCompile Include="SendCard.cpp">
      <Filter>发送消息\发送名片</Filter>
    </ClCompile>
    <ClCompile Include="CheckFriendStatus.cpp">
      <Filter>好友相关\好友状态</Filter>
    </ClCompile>
    <ClCompile Include="ReceiveMessage.cpp">
      <Filter>接收消息</Filter>
    </ClCompile>
    <ClCompile Include="SendAtText.cpp">
      <Filter>发送消息\发送艾特</Filter>
    </ClCompile>
    <ClCompile Include="GetChatRoomMembers.cpp">
      <Filter>群相关\获取群成员列表</Filter>
    </ClCompile>
    <ClCompile Include="GetDbHandles.cpp">
      <Filter>数据库\获取句柄</Filter>
    </ClCompile>
    <ClCompile Include="DbExecuteSql.cpp">
      <Filter>数据库\执行SQL</Filter>
    </ClCompile>
    <ClCompile Include="DbBackup.cpp">
      <Filter>数据库\数据库备份</Filter>
    </ClCompile>
    <ClCompile Include="VerifyFriendApply.cpp">
      <Filter>好友相关\通过好友请求</Filter>
    </ClCompile>
    <ClCompile Include="AddFriendByWxid.cpp">
      <Filter>好友相关\添加好友</Filter>
    </ClCompile>
    <ClCompile Include="AddFriendByV3.cpp">
      <Filter>好友相关\添加好友</Filter>
    </ClCompile>
    <ClCompile Include="SearchContactByNet.cpp">
      <Filter>好友相关\搜索好友</Filter>
    </ClCompile>
    <ClCompile Include="AddBrandContact.cpp">
      <Filter>好友相关\添加好友</Filter>
    </ClCompile>
    <ClCompile Include="HookVoiceMessage.cpp">
      <Filter>接收消息</Filter>
    </ClCompile>
    <ClCompile Include="HookImageMessage.cpp">
      <Filter>接收消息</Filter>
    </ClCompile>
    <ClCompile Include="wechatver.cpp">
      <Filter>微信版本</Filter>
    </ClCompile>
    <ClCompile Include="SendAppMsg.cpp">
      <Filter>发送消息\发送小程序</Filter>
    </ClCompile>
    <ClCompile Include="DeleteUser.cpp">
      <Filter>好友相关\删除好友</Filter>
    </ClCompile>
    <ClCompile Include="RobotEvent.cpp">
      <Filter>源文件</Filter>
    </ClCompile>
    <ClCompile Include="EditRemark.cpp">
      <Filter>好友相关\修改备注</Filter>
    </ClCompile>
    <ClCompile Include="DelChatRoomMember.cpp">
      <Filter>群相关\删除成员</Filter>
    </ClCompile>
    <ClCompile Include="AddChatRoomMember.cpp">
      <Filter>群相关\添加成员</Filter>
    </ClCompile>
    <ClCompile Include="SetChatRoomAnnouncement.cpp">
      <Filter>群相关\修改群公告</Filter>
    </ClCompile>
    <ClCompile Include="SetChatRoomName.cpp">
      <Filter>群相关\修改群聊名称</Filter>
    </ClCompile>
    <ClCompile Include="SetChatRoomSelfNickname.cpp">
      <Filter>群相关\修改群内昵称</Filter>
    </ClCompile>
    <ClCompile Include="GetChatRoomMemberNickname.cpp">
      <Filter>群相关\获取群成员昵称</Filter>
    </ClCompile>
    <ClCompile Include="ntapi.cpp">
      <Filter>源文件</Filter>
    </ClCompile>
    <ClCompile Include="templatefunc.cpp">
      <Filter>template</Filter>
    </ClCompile>
  </ItemGroup>
  <ItemGroup>
    <ResourceCompile Include="WeChatRobotCOM.rc">
      <Filter>资源文件</Filter>
    </ResourceCompile>
  </ItemGroup>
  <ItemGroup>
    <None Include="WeChatRobotCOM.rgs">
      <Filter>资源文件</Filter>
    </None>
    <None Include="WeChatRobot.rgs">
      <Filter>资源文件</Filter>
    </None>
    <None Include="RobotEvent.rgs">
      <Filter>资源文件</Filter>
    </None>
  </ItemGroup>
  <ItemGroup>
    <Midl Include="WeChatRobotCOM.idl">
      <Filter>源文件</Filter>
    </Midl>
  </ItemGroup>
</Project>